
Microsoft Visual Studio Solution File, Format Version 12.00
# Visual Studio Version 16
VisualStudioVersion = 16.0.29806.167
MinimumVisualStudioVersion = 10.0.40219.1
Project("{FAE04EC0-301F-11D3-BF4B-00C04F79EFBC}") = "SmartText", "SmartText.csproj", "{B76BE0E4-C5D5-47C7-87ED-DF6DBE2123E8}"
EndProject
Global
	GlobalSection(SolutionConfigurationPlatforms) = preSolution
		Debug|Any CPU = Debug|Any CPU
		Release|Any CPU = Release|Any CPU
	EndGlobalSection
	GlobalSection(ProjectConfigurationPlatforms) = postSolution
		{B76BE0E4-C5D5-47C7-87ED-DF6DBE2123E8}.Debug|Any CPU.ActiveCfg = Debug|Any CPU
		{B76BE0E4-C5D5-47C7-87ED-DF6DBE2123E8}.Debug|Any CPU.Build.0 = Debug|Any CPU
		{B76BE0E4-C5D5-47C7-87ED-DF6DBE2123E8}.Release|Any CPU.ActiveCfg = Release|Any CPU
		{B76BE0E4-C5D5-47C7-87ED-DF6DBE2123E8}.Release|Any CPU.Build.0 = Release|Any CPU
	EndGlobalSection
	GlobalSection(SolutionProperties) = preSolution
		HideSolutionNode = FALSE
	EndGlobalSection
	GlobalSection(ExtensibilityGlobals) = postSolution
		SolutionGuid = {BFB793E6-0288-4123-9D9B-F28572EA4162}
	EndGlobalSection
EndGlobal
